// !$*UTF8*$!
{
	archiveVersion = 1;
	classes = {
	};
	objectVersion = 50;
	objects = {

/* Begin PBXBuildFile section */
		B60A34852118D6430047A156 /* EntryListTableViewController.swift in Sources */ = {isa = PBXBuildFile; fileRef = B60A34842118D6430047A156 /* EntryListTableViewController.swift */; };
		B60A34892118D9270047A156 /* EntryDetailViewController.swift in Sources */ = {isa = PBXBuildFile; fileRef = B60A34882118D9270047A156 /* EntryDetailViewController.swift */; };
		B623D9F821189BE9003AC688 /* AppDelegate.swift in Sources */ = {isa = PBXBuildFile; fileRef = B623D9F721189BE9003AC688 /* AppDelegate.swift */; };
		B623D9FD21189BE9003AC688 /* Main.storyboard in Resources */ = {isa = PBXBuildFile; fileRef = B623D9FB21189BE9003AC688 /* Main.storyboard */; };
		B623D9FF21189BEB003AC688 /* Assets.xcassets in Resources */ = {isa = PBXBuildFile; fileRef = B623D9FE21189BEB003AC688 /* Assets.xcassets */; };
		B623DA0221189BEB003AC688 /* LaunchScreen.storyboard in Resources */ = {isa = PBXBuildFile; fileRef = B623DA0021189BEB003AC688 /* LaunchScreen.storyboard */; };
		B623DA0C21189C04003AC688 /* CloudKit.framework in Frameworks */ = {isa = PBXBuildFile; fileRef = B623DA0B21189C04003AC688 /* CloudKit.framework */; };
		B623DA1421189CA8003AC688 /* Entry.swift in Sources */ = {isa = PBXBuildFile; fileRef = B623DA1321189CA8003AC688 /* Entry.swift */; };
		B623DA442118B1C9003AC688 /* EntryController.swift in Sources */ = {isa = PBXBuildFile; fileRef = B623DA432118B1C9003AC688 /* EntryController.swift */; };
/* End PBXBuildFile section */

/* Begin PBXFileReference section */
		B60A34842118D6430047A156 /* EntryListTableViewController.swift */ = {isa = PBXFileReference; lastKnownFileType = sourcecode.swift; path = EntryListTableViewController.swift; sourceTree = "<group>"; };
		B60A34882118D9270047A156 /* EntryDetailViewController.swift */ = {isa = PBXFileReference; lastKnownFileType = sourcecode.swift; path = EntryDetailViewController.swift; sourceTree = "<group>"; };
		B623D9F421189BE9003AC688 /* JournalCloudKit.app */ = {isa = PBXFileReference; explicitFileType = wrapper.application; includeInIndex = 0; path = JournalCloudKit.app; sourceTree = BUILT_PRODUCTS_DIR; };
		B623D9F721189BE9003AC688 /* AppDelegate.swift */ = {isa = PBXFileReference; lastKnownFileType = sourcecode.swift; path = AppDelegate.swift; sourceTree = "<group>"; };
		B623D9FC21189BE9003AC688 /* Base */ = {isa = PBXFileReference; lastKnownFileType = file.storyboard; name = Base; path = Base.lproj/Main.storyboard; sourceTree = "<group>"; };
		B623D9FE21189BEB003AC688 /* Assets.xcassets */ = {isa = PBXFileReference; lastKnownFileType = folder.assetcatalog; path = Assets.xcassets; sourceTree = "<group>"; };
		B623DA0121189BEB003AC688 /* Base */ = {isa = PBXFileReference; lastKnownFileType = file.storyboard; name = Base; path = Base.lproj/LaunchScreen.storyboard; sourceTree = "<group>"; };
		B623DA0321189BEB003AC688 /* Info.plist */ = {isa = PBXFileReference; lastKnownFileType = text.plist.xml; path = Info.plist; sourceTree = "<group>"; };
		B623DA0921189C01003AC688 /* JournalCloudKit.entitlements */ = {isa = PBXFileReference; lastKnownFileType = text.plist.entitlements; path = JournalCloudKit.entitlements; sourceTree = "<group>"; };
		B623DA0B21189C04003AC688 /* CloudKit.framework */ = {isa = PBXFileReference; lastKnownFileType = wrapper.framework; name = CloudKit.framework; path = System/Library/Frameworks/CloudKit.framework; sourceTree = SDKROOT; };
		B623DA1321189CA8003AC688 /* Entry.swift */ = {isa = PBXFileReference; lastKnownFileType = sourcecode.swift; path = Entry.swift; sourceTree = "<group>"; };
		B623DA432118B1C9003AC688 /* EntryController.swift */ = {isa = PBXFileReference; lastKnownFileType = sourcecode.swift; path = EntryController.swift; sourceTree = "<group>"; };
/* End PBXFileReference section */

/* Begin PBXFrameworksBuildPhase section */
		B623D9F121189BE9003AC688 /* Frameworks */ = {
			isa = PBXFrameworksBuildPhase;
			buildActionMask = 2147483647;
			files = (
				B623DA0C21189C04003AC688 /* CloudKit.framework in Frameworks */,
			);
			runOnlyForDeploymentPostprocessing = 0;
		};
/* End PBXFrameworksBuildPhase section */

/* Begin PBXGroup section */
		B623D9EB21189BE9003AC688 = {
			isa = PBXGroup;
			children = (
				B623D9F621189BE9003AC688 /* JournalCloudKit */,
				B623D9F521189BE9003AC688 /* Products */,
				B623DA0A21189C04003AC688 /* Frameworks */,
			);
			sourceTree = "<group>";
		};
		B623D9F521189BE9003AC688 /* Products */ = {
			isa = PBXGroup;
			children = (
				B623D9F421189BE9003AC688 /* JournalCloudKit.app */,
			);
			name = Products;
			sourceTree = "<group>";
		};
		B623D9F621189BE9003AC688 /* JournalCloudKit */ = {
			isa = PBXGroup;
			children = (
				B623DA0921189C01003AC688 /* JournalCloudKit.entitlements */,
				B623DA1121189C38003AC688 /* Models */,
				B623DA1021189C30003AC688 /* Views */,
				B623DA0D21189C0A003AC688 /* Controllers */,
				B623DA0F21189C1C003AC688 /* Helpers */,
				B623DA1221189C43003AC688 /* Resources */,
			);
			path = JournalCloudKit;
			sourceTree = "<group>";
		};
		B623DA0A21189C04003AC688 /* Frameworks */ = {
			isa = PBXGroup;
			children = (
				B623DA0B21189C04003AC688 /* CloudKit.framework */,
			);
			name = Frameworks;
			sourceTree = "<group>";
		};
		B623DA0D21189C0A003AC688 /* Controllers */ = {
			isa = PBXGroup;
			children = (
				B623DA422118B1B6003AC688 /* ModelControllers */,
				B623DA0E21189C0E003AC688 /* ViewControllers */,
			);
			path = Controllers;
			sourceTree = "<group>";
		};
		B623DA0E21189C0E003AC688 /* ViewControllers */ = {
			isa = PBXGroup;
			children = (
				B60A34842118D6430047A156 /* EntryListTableViewController.swift */,
				B60A34882118D9270047A156 /* EntryDetailViewController.swift */,
			);
			path = ViewControllers;
			sourceTree = "<group>";
		};
		B623DA0F21189C1C003AC688 /* Helpers */ = {
			isa = PBXGroup;
			children = (
			);
			path = Helpers;
			sourceTree = "<group>";
		};
		B623DA1021189C30003AC688 /* Views */ = {
			isa = PBXGroup;
			children = (
				B623D9FB21189BE9003AC688 /* Main.storyboard */,
			);
			path = Views;
			sourceTree = "<group>";
		};
		B623DA1121189C38003AC688 /* Models */ = {
			isa = PBXGroup;
			children = (
				B623DA1321189CA8003AC688 /* Entry.swift */,
			);
			path = Models;
			sourceTree = "<group>";
		};
		B623DA1221189C43003AC688 /* Resources */ = {
			isa = PBXGroup;
			children = (
				B623D9F721189BE9003AC688 /* AppDelegate.swift */,
				B623D9FE21189BEB003AC688 /* Assets.xcassets */,
				B623DA0021189BEB003AC688 /* LaunchScreen.storyboard */,
				B623DA0321189BEB003AC688 /* Info.plist */,
			);
			path = Resources;
			sourceTree = "<group>";
		};
		B623DA422118B1B6003AC688 /* ModelControllers */ = {
			isa = PBXGroup;
			children = (
				B623DA432118B1C9003AC688 /* EntryController.swift */,
			);
			path = ModelControllers;
			sourceTree = "<group>";
		};
/* End PBXGroup section */

/* Begin PBXNativeTarget section */
		B623D9F321189BE9003AC688 /* JournalCloudKit */ = {
			isa = PBXNativeTarget;
			buildConfigurationList = B623DA0621189BEB003AC688 /* Build configuration list for PBXNativeTarget "JournalCloudKit" */;
			buildPhases = (
				B623D9F021189BE9003AC688 /* Sources */,
				B623D9F121189BE9003AC688 /* Frameworks */,
				B623D9F221189BE9003AC688 /* Resources */,
			);
			buildRules = (
			);
			dependencies = (
			);
			name = JournalCloudKit;
			productName = JournalCloudKit;
			productReference = B623D9F421189BE9003AC688 /* JournalCloudKit.app */;
			productType = "com.apple.product-type.application";
		};
/* End PBXNativeTarget section */

/* Begin PBXProject section */
		B623D9EC21189BE9003AC688 /* Project object */ = {
			isa = PBXProject;
			attributes = {
				LastSwiftUpdateCheck = 0940;
				LastUpgradeCheck = 0940;
				ORGANIZATIONNAME = "Zachary Frew";
				TargetAttributes = {
					B623D9F321189BE9003AC688 = {
						CreatedOnToolsVersion = 9.4.1;
						SystemCapabilities = {
							com.apple.Push = {
								enabled = 1;
							};
							com.apple.iCloud = {
								enabled = 1;
							};
						};
					};
				};
			};
			buildConfigurationList = B623D9EF21189BE9003AC688 /* Build configuration list for PBXProject "JournalCloudKit" */;
			compatibilityVersion = "Xcode 9.3";
			developmentRegion = en;
			hasScannedForEncodings = 0;
			knownRegions = (
				en,
				Base,
			);
			mainGroup = B623D9EB21189BE9003AC688;
			productRefGroup = B623D9F521189BE9003AC688 /* Products */;
			projectDirPath = "";
			projectRoot = "";
			targets = (
				B623D9F321189BE9003AC688 /* JournalCloudKit */,
			);
		};
/* End PBXProject section */

/* Begin PBXResourcesBuildPhase section */
		B623D9F221189BE9003AC688 /* Resources */ = {
			isa = PBXResourcesBuildPhase;
			buildActionMask = 2147483647;
			files = (
				B623DA0221189BEB003AC688 /* LaunchScreen.storyboard in Resources */,
				B623D9FF21189BEB003AC688 /* Assets.xcassets in Resources */,
				B623D9FD21189BE9003AC688 /* Main.storyboard in Resources */,
			);
			runOnlyForDeploymentPostprocessing = 0;
		};
/* End PBXResourcesBuildPhase section */

/* Begin PBXSourcesBuildPhase section */
		B623D9F021189BE9003AC688 /* Sources */ = {
			isa = PBXSourcesBuildPhase;
			buildActionMask = 2147483647;
			files = (
				B623DA442118B1C9003AC688 /* EntryController.swift in Sources */,
				B623DA1421189CA8003AC688 /* Entry.swift in Sources */,
				B60A34852118D6430047A156 /* EntryListTableViewController.swift in Sources */,
				B60A34892118D9270047A156 /* EntryDetailViewController.swift in Sources */,
				B623D9F821189BE9003AC688 /* AppDelegate.swift in Sources */,
			);
			runOnlyForDeploymentPostprocessing = 0;
		};
/* End PBXSourcesBuildPhase section */

/* Begin PBXVariantGroup section */
		B623D9FB21189BE9003AC688 /* Main.storyboard */ = {
			isa = PBXVariantGroup;
			children = (
				B623D9FC21189BE9003AC688 /* Base */,
			);
			name = Main.storyboard;
			sourceTree = "<group>";
		};
		B623DA0021189BEB003AC688 /* LaunchScreen.storyboard */ = {
			isa = PBXVariantGroup;
			children = (
				B623DA0121189BEB003AC688 /* Base */,
			);
			name = LaunchScreen.storyboard;
			sourceTree = "<group>";
		};
/* End PBXVariantGroup section */

/* Begin XCBuildConfiguration section */
		B623DA0421189BEB003AC688 /* Debug */ = {
			isa = XCBuildConfiguration;
			buildSettings = {
				ALWAYS_SEARCH_USER_PATHS = NO;
				CLANG_ANALYZER_NONNULL = YES;
				CLANG_ANALYZER_NUMBER_OBJECT_CONVERSION = YES_AGGRESSIVE;
				CLANG_CXX_LANGUAGE_STANDARD = "gnu++14";
				CLANG_CXX_LIBRARY = "libc++";
				CLANG_ENABLE_MODULES = YES;
				CLANG_ENABLE_OBJC_ARC = YES;
				CLANG_ENABLE_OBJC_WEAK = YES;
				CLANG_WARN_BLOCK_CAPTURE_AUTORELEASING = YES;
				CLANG_WARN_BOOL_CONVERSION = YES;
				CLANG_WARN_COMMA = YES;
				CLANG_WARN_CONSTANT_CONVERSION = YES;
				CLANG_WARN_DEPRECATED_OBJC_IMPLEMENTATIONS = YES;
				CLANG_WARN_DIRECT_OBJC_ISA_USAGE = YES_ERROR;
				CLANG_WARN_DOCUMENTATION_COMMENTS = YES;
				CLANG_WARN_EMPTY_BODY = YES;
				CLANG_WARN_ENUM_CONVERSION = YES;
				CLANG_WARN_INFINITE_RECURSION = YES;
				CLANG_WARN_INT_CONVERSION = YES;
				CLANG_WARN_NON_LITERAL_NULL_CONVERSION = YES;
				CLANG_WARN_OBJC_IMPLICIT_RETAIN_SELF = YES;
				CLANG_WARN_OBJC_LITERAL_CONVERSION = YES;
				CLANG_WARN_OBJC_ROOT_CLASS = YES_ERROR;
				CLANG_WARN_RANGE_LOOP_ANALYSIS = YES;
				CLANG_WARN_STRICT_PROTOTYPES = YES;
				CLANG_WARN_SUSPICIOUS_MOVE = YES;
				CLANG_WARN_UNGUARDED_AVAILABILITY = YES_AGGRESSIVE;
				CLANG_WARN_UNREACHABLE_CODE = YES;
				CLANG_WARN__DUPLICATE_METHOD_MATCH = YES;
				CODE_SIGN_IDENTITY = "iPhone Developer";
				COPY_PHASE_STRIP = NO;
				DEBUG_INFORMATION_FORMAT = dwarf;
				ENABLE_STRICT_OBJC_MSGSEND = YES;
				ENABLE_TESTABILITY = YES;
				GCC_C_LANGUAGE_STANDARD = gnu11;
				GCC_DYNAMIC_NO_PIC = NO;
				GCC_NO_COMMON_BLOCKS = YES;
				GCC_OPTIMIZATION_LEVEL = 0;
				GCC_PREPROCESSOR_DEFINITIONS = (
					"DEBUG=1",
					"$(inherited)",
				);
				GCC_WARN_64_TO_32_BIT_CONVERSION = YES;
				GCC_WARN_ABOUT_RETURN_TYPE = YES_ERROR;
				GCC_WARN_UNDECLARED_SELECTOR = YES;
				GCC_WARN_UNINITIALIZED_AUTOS = YES_AGGRESSIVE;
				GCC_WARN_UNUSED_FUNCTION = YES;
				GCC_WARN_UNUSED_VARIABLE = YES;
				IPHONEOS_DEPLOYMENT_TARGET = 11.4;
				MTL_ENABLE_DEBUG_INFO = YES;
				ONLY_ACTIVE_ARCH = YES;
				SDKROOT = iphoneos;
				SWIFT_ACTIVE_COMPILATION_CONDITIONS = DEBUG;
				SWIFT_OPTIMIZATION_LEVEL = "-Onone";
			};
			name = Debug;
		};
		B623DA0521189BEB003AC688 /* Release */ = {
			isa = XCBuildConfiguration;
			buildSettings = {
				ALWAYS_SEARCH_USER_PATHS = NO;
				CLANG_ANALYZER_NONNULL = YES;
				CLANG_ANALYZER_NUMBER_OBJECT_CONVERSION = YES_AGGRESSIVE;
				CLANG_CXX_LANGUAGE_STANDARD = "gnu++14";
				CLANG_CXX_LIBRARY = "libc++";
				CLANG_ENABLE_MODULES = YES;
				CLANG_ENABLE_OBJC_ARC = YES;
				CLANG_ENABLE_OBJC_WEAK = YES;
				CLANG_WARN_BLOCK_CAPTURE_AUTORELEASING = YES;
				CLANG_WARN_BOOL_CONVERSION = YES;
				CLANG_WARN_COMMA = YES;
				CLANG_WARN_CONSTANT_CONVERSION = YES;
				CLANG_WARN_DEPRECATED_OBJC_IMPLEMENTATIONS = YES;
				CLANG_WARN_DIRECT_OBJC_ISA_USAGE = YES_ERROR;
				CLANG_WARN_DOCUMENTATION_COMMENTS = YES;
				CLANG_WARN_EMPTY_BODY = YES;
				CLANG_WARN_ENUM_CONVERSION = YES;
				CLANG_WARN_INFINITE_RECURSION = YES;
				CLANG_WARN_INT_CONVERSION = YES;
				CLANG_WARN_NON_LITERAL_NULL_CONVERSION = YES;
				CLANG_WARN_OBJC_IMPLICIT_RETAIN_SELF = YES;
				CLANG_WARN_OBJC_LITERAL_CONVERSION = YES;
				CLANG_WARN_OBJC_ROOT_CLASS = YES_ERROR;
				CLANG_WARN_RANGE_LOOP_ANALYSIS = YES;
				CLANG_WARN_STRICT_PROTOTYPES = YES;
				CLANG_WARN_SUSPICIOUS_MOVE = YES;
				CLANG_WARN_UNGUARDED_AVAILABILITY = YES_AGGRESSIVE;
				CLANG_WARN_UNREACHABLE_CODE = YES;
				CLANG_WARN__DUPLICATE_METHOD_MATCH = YES;
				CODE_SIGN_IDENTITY = "iPhone Developer";
				COPY_PHASE_STRIP = NO;
				DEBUG_INFORMATION_FORMAT = "dwarf-with-dsym";
				ENABLE_NS_ASSERTIONS = NO;
				ENABLE_STRICT_OBJC_MSGSEND = YES;
				GCC_C_LANGUAGE_STANDARD = gnu11;
				GCC_NO_COMMON_BLOCKS = YES;
				GCC_WARN_64_TO_32_BIT_CONVERSION = YES;
				GCC_WARN_ABOUT_RETURN_TYPE = YES_ERROR;
				GCC_WARN_UNDECLARED_SELECTOR = YES;
				GCC_WARN_UNINITIALIZED_AUTOS = YES_AGGRESSIVE;
				GCC_WARN_UNUSED_FUNCTION = YES;
				GCC_WARN_UNUSED_VARIABLE = YES;
				IPHONEOS_DEPLOYMENT_TARGET = 11.4;
				MTL_ENABLE_DEBUG_INFO = NO;
				SDKROOT = iphoneos;
				SWIFT_COMPILATION_MODE = wholemodule;
				SWIFT_OPTIMIZATION_LEVEL = "-O";
				VALIDATE_PRODUCT = YES;
			};
			name = Release;
		};
		B623DA0721189BEB003AC688 /* Debug */ = {
			isa = XCBuildConfiguration;
			buildSettings = {
				ASSETCATALOG_COMPILER_APPICON_NAME = AppIcon;
				CODE_SIGN_ENTITLEMENTS = JournalCloudKit/JournalCloudKit.entitlements;
				CODE_SIGN_STYLE = Automatic;
				DEVELOPMENT_TEAM = PKK87S6JNY;
				INFOPLIST_FILE = "$(SRCROOT)/JournalCloudKit/Resources/Info.plist";
				LD_RUNPATH_SEARCH_PATHS = (
					"$(inherited)",
					"@executable_path/Frameworks",
				);
				PRODUCT_BUNDLE_IDENTIFIER = com.zachfrew.JournalCloudKit;
				PRODUCT_NAME = "$(TARGET_NAME)";
				SWIFT_VERSION = 4.0;
				TARGETED_DEVICE_FAMILY = "1,2";
			};
			name = Debug;
		};
		B623DA0821189BEB003AC688 /* Release */ = {
			isa = XCBuildConfiguration;
			buildSettings = {
				ASSETCATALOG_COMPILER_APPICON_NAME = AppIcon;
				CODE_SIGN_ENTITLEMENTS = JournalCloudKit/JournalCloudKit.entitlements;
				CODE_SIGN_STYLE = Automatic;
				DEVELOPMENT_TEAM = PKK87S6JNY;
				INFOPLIST_FILE = "$(SRCROOT)/JournalCloudKit/Resources/Info.plist";
				LD_RUNPATH_SEARCH_PATHS = (
					"$(inherited)",
					"@executable_path/Frameworks",
				);
				PRODUCT_BUNDLE_IDENTIFIER = com.zachfrew.JournalCloudKit;
				PRODUCT_NAME = "$(TARGET_NAME)";
				SWIFT_VERSION = 4.0;
				TARGETED_DEVICE_FAMILY = "1,2";
			};
			name = Release;
		};
/* End XCBuildConfiguration section */

/* Begin XCConfigurationList section */
		B623D9EF21189BE9003AC688 /* Build configuration list for PBXProject "JournalCloudKit" */ = {
			isa = XCConfigurationList;
			buildConfigurations = (
				B623DA0421189BEB003AC688 /* Debug */,
				B623DA0521189BEB003AC688 /* Release */,
			);
			defaultConfigurationIsVisible = 0;
			defaultConfigurationName = Release;
		};
		B623DA0621189BEB003AC688 /* Build configuration list for PBXNativeTarget "JournalCloudKit" */ = {
			isa = XCConfigurationList;
			buildConfigurations = (
				B623DA0721189BEB003AC688 /* Debug */,
				B623DA0821189BEB003AC688 /* Release */,
			);
			defaultConfigurationIsVisible = 0;
			defaultConfigurationName = Release;
		};
/* End XCConfigurationList section */
	};
	rootObject = B623D9EC21189BE9003AC688 /* Project object */;
}
